
Microsoft Visual Studio Solution File, Format Version 12.00
# Visual Studio Version 16
VisualStudioVersion = 16.0.29920.165
MinimumVisualStudioVersion = 10.0.40219.1
Project("{FAE04EC0-301F-11D3-BF4B-00C04F79EFBC}") = "PostComment", "PostComment.csproj", "{0D557140-E321-4ECC-97E2-C153A224935A}"
EndProject
Project("{FAE04EC0-301F-11D3-BF4B-00C04F79EFBC}") = "ObjectWCF", "..\ObjectWCF\ObjectWCF.csproj", "{9B0D9145-A76A-4157-B2A3-C1653315D1C2}"
EndProject
Project("{FAE04EC0-301F-11D3-BF4B-00C04F79EFBC}") = "HostWCF", "..\HostWCF\HostWCF.csproj", "{35EA27C2-4623-453D-BD8F-4BE25B6FB1AF}"
EndProject
Global
	GlobalSection(SolutionConfigurationPlatforms) = preSolution
		Debug|Any CPU = Debug|Any CPU
		Release|Any CPU = Release|Any CPU
	EndGlobalSection
	GlobalSection(ProjectConfigurationPlatforms) = postSolution
		{0D557140-E321-4ECC-97E2-C153A224935A}.Debug|Any CPU.ActiveCfg = Debug|Any CPU
		{0D557140-E321-4ECC-97E2-C153A224935A}.Debug|Any CPU.Build.0 = Debug|Any CPU
		{0D557140-E321-4ECC-97E2-C153A224935A}.Release|Any CPU.ActiveCfg = Release|Any CPU
		{0D557140-E321-4ECC-97E2-C153A224935A}.Release|Any CPU.Build.0 = Release|Any CPU
		{9B0D9145-A76A-4157-B2A3-C1653315D1C2}.Debug|Any CPU.ActiveCfg = Debug|Any CPU
		{9B0D9145-A76A-4157-B2A3-C1653315D1C2}.Debug|Any CPU.Build.0 = Debug|Any CPU
		{9B0D9145-A76A-4157-B2A3-C1653315D1C2}.Release|Any CPU.ActiveCfg = Release|Any CPU
		{9B0D9145-A76A-4157-B2A3-C1653315D1C2}.Release|Any CPU.Build.0 = Release|Any CPU
		{35EA27C2-4623-453D-BD8F-4BE25B6FB1AF}.Debug|Any CPU.ActiveCfg = Debug|Any CPU
		{35EA27C2-4623-453D-BD8F-4BE25B6FB1AF}.Debug|Any CPU.Build.0 = Debug|Any CPU
		{35EA27C2-4623-453D-BD8F-4BE25B6FB1AF}.Release|Any CPU.ActiveCfg = Release|Any CPU
		{35EA27C2-4623-453D-BD8F-4BE25B6FB1AF}.Release|Any CPU.Build.0 = Release|Any CPU
	EndGlobalSection
	GlobalSection(SolutionProperties) = preSolution
		HideSolutionNode = FALSE
	EndGlobalSection
	GlobalSection(ExtensibilityGlobals) = postSolution
		SolutionGuid = {83295D9D-7EF2-4C79-A878-A0DE1D0A9F94}
	EndGlobalSection
EndGlobal
